schema: '2.0'
stages:
  make_dataset:
    cmd: python .\src\data\make_dataset.py
    deps:
    - path: .\data\raw\creditcard.csv
      hash: md5
      md5: e90efcb83d69faf99fcab8b0255024de
      size: 150828752
    - path: .\src\data\make_dataset.py
      hash: md5
      md5: d9b5404f5fd0362d778972eb1235f2e9
      size: 4383
    params:
      params.yaml:
        make_dataset.seed: 43
        make_dataset.test_split: 0.2
    outs:
    - path: .\data\interim\test.csv
      hash: md5
      md5: 220986e0a62f44f68484b68320f35a70
      size: 30219500
    - path: .\data\interim\train.csv
      hash: md5
      md5: 54375fe1cdd434fd4f276fde126a6b9f
      size: 120883027
  build_features:
    cmd: python .\src\features\build_features.py .\data\processed\
    deps:
    - path: .\data\interim\test.csv
      hash: md5
      md5: 220986e0a62f44f68484b68320f35a70
      size: 30219500
    - path: .\data\interim\train.csv
      hash: md5
      md5: 54375fe1cdd434fd4f276fde126a6b9f
      size: 120883027
    - path: .\src\features\build_features.py
      hash: md5
      md5: 3c5e60f7bdcba00ec0d52a13dcc4b32b
      size: 4706
    outs:
    - path: .\data\processed\test.csv
      hash: md5
      md5: 59127dc0620f681a382a4646587f7201
      size: 31382938
    - path: .\data\processed\train.csv
      hash: md5
      md5: e7638c9b1bbd2f4a64fb154c2a6af275
      size: 125537138
  train_model:
    cmd: python .\src\models\train_model.py .\data\processed\
    deps:
    - path: .\data\processed\test.csv
      hash: md5
      md5: 59127dc0620f681a382a4646587f7201
      size: 31382938
    - path: .\data\processed\train.csv
      hash: md5
      md5: e7638c9b1bbd2f4a64fb154c2a6af275
      size: 125537138
    - path: .\src\models\train_model.py
      hash: md5
      md5: 5f1d7d1360b089fc4b39ae085ef4fbd8
      size: 4627
    params:
      params.yaml:
        train_model.max_depth: 15
        train_model.n_estimators: 20
        train_model.seed: 42
    outs:
    - path: .\models\model.joblib
      hash: md5
      md5: 9b6253a2393bc6fe7ae0b90c188aac43
      size: 347289
  visualize:
    cmd: python .\src\visualization\visualize.py
    deps:
    - path: .\data\processed\
      hash: md5
      md5: d72ecd5ae3ef607126eb548d04f9f234.dir
      size: 156920099
      nfiles: 4
    - path: .\models\model.joblib
      hash: md5
      md5: 9b6253a2393bc6fe7ae0b90c188aac43
      size: 347289
    - path: .\src\visualization\visualize.py
      hash: md5
      md5: 0081bc6b8571551d3552fc1725b71154
      size: 6653
    outs:
    - path: dvclive
      hash: md5
      md5: 0a549d896312f1d69a9a7b13d3e18c4b.dir
      size: 2904042
      nfiles: 2
